
Microsoft Visual Studio Solution File, Format Version 12.00
# Visual Studio Version 16
VisualStudioVersion = 16.0.29411.108
MinimumVisualStudioVersion = 10.0.40219.1
Project("{FAE04EC0-301F-11D3-BF4B-00C04F79EFBC}") = "ParticleSystem.UWP", "ParticleSystem\ParticleSystem.UWP\ParticleSystem.UWP.csproj", "{B4EA5810-08DD-45B3-A2FB-6221E48BB9C5}"
EndProject
Project("{FAE04EC0-301F-11D3-BF4B-00C04F79EFBC}") = "ParticleSystem.Android", "ParticleSystem\ParticleSystem.Android\ParticleSystem.Android.csproj", "{3094B045-4D60-4FEF-A673-1F452560DFEE}"
EndProject
Project("{FAE04EC0-301F-11D3-BF4B-00C04F79EFBC}") = "ParticleSystem.iOS", "ParticleSystem\ParticleSystem.iOS\ParticleSystem.iOS.csproj", "{F83B5F7C-26BE-41EC-8333-A0A477EA4EE7}"
EndProject
Project("{FAE04EC0-301F-11D3-BF4B-00C04F79EFBC}") = "ParticleSystem", "ParticleSystem\ParticleSystem\ParticleSystem.csproj", "{DCB5DA78-0B86-45DE-B56B-9357868B4EBC}"
EndProject
Global
	GlobalSection(SolutionConfigurationPlatforms) = preSolution
		Debug|Any CPU = Debug|Any CPU
		Debug|ARM = Debug|ARM
		Debug|iPhone = Debug|iPhone
		Debug|iPhoneSimulator = Debug|iPhoneSimulator
		Debug|x64 = Debug|x64
		Debug|x86 = Debug|x86
		Release|Any CPU = Release|Any CPU
		Release|ARM = Release|ARM
		Release|iPhone = Release|iPhone
		Release|iPhoneSimulator = Release|iPhoneSimulator
		Release|x64 = Release|x64
		Release|x86 = Release|x86
	EndGlobalSection
	GlobalSection(ProjectConfigurationPlatforms) = postSolution
		{B4EA5810-08DD-45B3-A2FB-6221E48BB9C5}.Debug|Any CPU.ActiveCfg = Debug|x86
		{B4EA5810-08DD-45B3-A2FB-6221E48BB9C5}.Debug|Any CPU.Build.0 = Debug|x86
		{B4EA5810-08DD-45B3-A2FB-6221E48BB9C5}.Debug|Any CPU.Deploy.0 = Debug|x86
		{B4EA5810-08DD-45B3-A2FB-6221E48BB9C5}.Debug|ARM.ActiveCfg = Debug|ARM
		{B4EA5810-08DD-45B3-A2FB-6221E48BB9C5}.Debug|ARM.Build.0 = Debug|ARM
		{B4EA5810-08DD-45B3-A2FB-6221E48BB9C5}.Debug|ARM.Deploy.0 = Debug|ARM
		{B4EA5810-08DD-45B3-A2FB-6221E48BB9C5}.Debug|iPhone.ActiveCfg = Debug|x86
		{B4EA5810-08DD-45B3-A2FB-6221E48BB9C5}.Debug|iPhone.Build.0 = Debug|x86
		{B4EA5810-08DD-45B3-A2FB-6221E48BB9C5}.Debug|iPhone.Deploy.0 = Debug|x86
		{B4EA5810-08DD-45B3-A2FB-6221E48BB9C5}.Debug|iPhoneSimulator.ActiveCfg = Debug|x86
		{B4EA5810-08DD-45B3-A2FB-6221E48BB9C5}.Debug|iPhoneSimulator.Build.0 = Debug|x86
		{B4EA5810-08DD-45B3-A2FB-6221E48BB9C5}.Debug|iPhoneSimulator.Deploy.0 = Debug|x86
		{B4EA5810-08DD-45B3-A2FB-6221E48BB9C5}.Debug|x64.ActiveCfg = Debug|x64
		{B4EA5810-08DD-45B3-A2FB-6221E48BB9C5}.Debug|x64.Build.0 = Debug|x64
		{B4EA5810-08DD-45B3-A2FB-6221E48BB9C5}.Debug|x64.Deploy.0 = Debug|x64
		{B4EA5810-08DD-45B3-A2FB-6221E48BB9C5}.Debug|x86.ActiveCfg = Debug|x86
		{B4EA5810-08DD-45B3-A2FB-6221E48BB9C5}.Debug|x86.Build.0 = Debug|x86
		{B4EA5810-08DD-45B3-A2FB-6221E48BB9C5}.Debug|x86.Deploy.0 = Debug|x86
		{B4EA5810-08DD-45B3-A2FB-6221E48BB9C5}.Release|Any CPU.ActiveCfg = Release|x86
		{B4EA5810-08DD-45B3-A2FB-6221E48BB9C5}.Release|Any CPU.Build.0 = Release|x86
		{B4EA5810-08DD-45B3-A2FB-6221E48BB9C5}.Release|Any CPU.Deploy.0 = Release|x86
		{B4EA5810-08DD-45B3-A2FB-6221E48BB9C5}.Release|ARM.ActiveCfg = Release|ARM
		{B4EA5810-08DD-45B3-A2FB-6221E48BB9C5}.Release|ARM.Build.0 = Release|ARM
		{B4EA5810-08DD-45B3-A2FB-6221E48BB9C5}.Release|ARM.Deploy.0 = Release|ARM
		{B4EA5810-08DD-45B3-A2FB-6221E48BB9C5}.Release|iPhone.ActiveCfg = Release|x86
		{B4EA5810-08DD-45B3-A2FB-6221E48BB9C5}.Release|iPhone.Build.0 = Release|x86
		{B4EA5810-08DD-45B3-A2FB-6221E48BB9C5}.Release|iPhone.Deploy.0 = Release|x86
		{B4EA5810-08DD-45B3-A2FB-6221E48BB9C5}.Release|iPhoneSimulator.ActiveCfg = Release|x86
		{B4EA5810-08DD-45B3-A2FB-6221E48BB9C5}.Release|iPhoneSimulator.Build.0 = Release|x86
		{B4EA5810-08DD-45B3-A2FB-6221E48BB9C5}.Release|iPhoneSimulator.Deploy.0 = Release|x86
		{B4EA5810-08DD-45B3-A2FB-6221E48BB9C5}.Release|x64.ActiveCfg = Release|x64
		{B4EA5810-08DD-45B3-A2FB-6221E48BB9C5}.Release|x64.Build.0 = Release|x64
		{B4EA5810-08DD-45B3-A2FB-6221E48BB9C5}.Release|x64.Deploy.0 = Release|x64
		{B4EA5810-08DD-45B3-A2FB-6221E48BB9C5}.Release|x86.ActiveCfg = Release|x86
		{B4EA5810-08DD-45B3-A2FB-6221E48BB9C5}.Release|x86.Build.0 = Release|x86
		{B4EA5810-08DD-45B3-A2FB-6221E48BB9C5}.Release|x86.Deploy.0 = Release|x86
		{3094B045-4D60-4FEF-A673-1F452560DFEE}.Debug|Any CPU.ActiveCfg = Debug|Any CPU
		{3094B045-4D60-4FEF-A673-1F452560DFEE}.Debug|Any CPU.Build.0 = Debug|Any CPU
		{3094B045-4D60-4FEF-A673-1F452560DFEE}.Debug|Any CPU.Deploy.0 = Debug|Any CPU
		{3094B045-4D60-4FEF-A673-1F452560DFEE}.Debug|ARM.ActiveCfg = Debug|Any CPU
		{3094B045-4D60-4FEF-A673-1F452560DFEE}.Debug|ARM.Build.0 = Debug|Any CPU
		{3094B045-4D60-4FEF-A673-1F452560DFEE}.Debug|ARM.Deploy.0 = Debug|Any CPU
		{3094B045-4D60-4FEF-A673-1F452560DFEE}.Debug|iPhone.ActiveCfg = Debug|Any CPU
		{3094B045-4D60-4FEF-A673-1F452560DFEE}.Debug|iPhone.Build.0 = Debug|Any CPU
		{3094B045-4D60-4FEF-A673-1F452560DFEE}.Debug|iPhone.Deploy.0 = Debug|Any CPU
		{3094B045-4D60-4FEF-A673-1F452560DFEE}.Debug|iPhoneSimulator.ActiveCfg = Debug|Any CPU
		{3094B045-4D60-4FEF-A673-1F452560DFEE}.Debug|iPhoneSimulator.Build.0 = Debug|Any CPU
		{3094B045-4D60-4FEF-A673-1F452560DFEE}.Debug|iPhoneSimulator.Deploy.0 = Debug|Any CPU
		{3094B045-4D60-4FEF-A673-1F452560DFEE}.Debug|x64.ActiveCfg = Debug|Any CPU
		{3094B045-4D60-4FEF-A673-1F452560DFEE}.Debug|x64.Build.0 = Debug|Any CPU
		{3094B045-4D60-4FEF-A673-1F452560DFEE}.Debug|x64.Deploy.0 = Debug|Any CPU
		{3094B045-4D60-4FEF-A673-1F452560DFEE}.Debug|x86.ActiveCfg = Debug|Any CPU
		{3094B045-4D60-4FEF-A673-1F452560DFEE}.Debug|x86.Build.0 = Debug|Any CPU
		{3094B045-4D60-4FEF-A673-1F452560DFEE}.Debug|x86.Deploy.0 = Debug|Any CPU
		{3094B045-4D60-4FEF-A673-1F452560DFEE}.Release|Any CPU.ActiveCfg = Release|Any CPU
		{3094B045-4D60-4FEF-A673-1F452560DFEE}.Release|Any CPU.Build.0 = Release|Any CPU
		{3094B045-4D60-4FEF-A673-1F452560DFEE}.Release|Any CPU.Deploy.0 = Release|Any CPU
		{3094B045-4D60-4FEF-A673-1F452560DFEE}.Release|ARM.ActiveCfg = Release|Any CPU
		{3094B045-4D60-4FEF-A673-1F452560DFEE}.Release|ARM.Build.0 = Release|Any CPU
		{3094B045-4D60-4FEF-A673-1F452560DFEE}.Release|ARM.Deploy.0 = Release|Any CPU
		{3094B045-4D60-4FEF-A673-1F452560DFEE}.Release|iPhone.ActiveCfg = Release|Any CPU
		{3094B045-4D60-4FEF-A673-1F452560DFEE}.Release|iPhone.Build.0 = Release|Any CPU
		{3094B045-4D60-4FEF-A673-1F452560DFEE}.Release|iPhone.Deploy.0 = Release|Any CPU
		{3094B045-4D60-4FEF-A673-1F452560DFEE}.Release|iPhoneSimulator.ActiveCfg = Release|Any CPU
		{3094B045-4D60-4FEF-A673-1F452560DFEE}.Release|iPhoneSimulator.Build.0 = Release|Any CPU
		{3094B045-4D60-4FEF-A673-1F452560DFEE}.Release|iPhoneSimulator.Deploy.0 = Release|Any CPU
		{3094B045-4D60-4FEF-A673-1F452560DFEE}.Release|x64.ActiveCfg = Release|Any CPU
		{3094B045-4D60-4FEF-A673-1F452560DFEE}.Release|x64.Build.0 = Release|Any CPU
		{3094B045-4D60-4FEF-A673-1F452560DFEE}.Release|x64.Deploy.0 = Release|Any CPU
		{3094B045-4D60-4FEF-A673-1F452560DFEE}.Release|x86.ActiveCfg = Release|Any CPU
		{3094B045-4D60-4FEF-A673-1F452560DFEE}.Release|x86.Build.0 = Release|Any CPU
		{3094B045-4D60-4FEF-A673-1F452560DFEE}.Release|x86.Deploy.0 = Release|Any CPU
		{F83B5F7C-26BE-41EC-8333-A0A477EA4EE7}.Debug|Any CPU.ActiveCfg = Debug|iPhone
		{F83B5F7C-26BE-41EC-8333-A0A477EA4EE7}.Debug|Any CPU.Build.0 = Debug|iPhone
		{F83B5F7C-26BE-41EC-8333-A0A477EA4EE7}.Debug|Any CPU.Deploy.0 = Debug|iPhone
		{F83B5F7C-26BE-41EC-8333-A0A477EA4EE7}.Debug|ARM.ActiveCfg = Debug|iPhoneSimulator
		{F83B5F7C-26BE-41EC-8333-A0A477EA4EE7}.Debug|ARM.Build.0 = Debug|iPhoneSimulator
		{F83B5F7C-26BE-41EC-8333-A0A477EA4EE7}.Debug|ARM.Deploy.0 = Debug|iPhoneSimulator
		{F83B5F7C-26BE-41EC-8333-A0A477EA4EE7}.Debug|iPhone.ActiveCfg = Debug|iPhone
		{F83B5F7C-26BE-41EC-8333-A0A477EA4EE7}.Debug|iPhone.Build.0 = Debug|iPhone
		{F83B5F7C-26BE-41EC-8333-A0A477EA4EE7}.Debug|iPhone.Deploy.0 = Debug|iPhone
		{F83B5F7C-26BE-41EC-8333-A0A477EA4EE7}.Debug|iPhoneSimulator.ActiveCfg = Debug|iPhoneSimulator
		{F83B5F7C-26BE-41EC-8333-A0A477EA4EE7}.Debug|iPhoneSimulator.Build.0 = Debug|iPhoneSimulator
		{F83B5F7C-26BE-41EC-8333-A0A477EA4EE7}.Debug|iPhoneSimulator.Deploy.0 = Debug|iPhoneSimulator
		{F83B5F7C-26BE-41EC-8333-A0A477EA4EE7}.Debug|x64.ActiveCfg = Debug|iPhone
		{F83B5F7C-26BE-41EC-8333-A0A477EA4EE7}.Debug|x64.Build.0 = Debug|iPhone
		{F83B5F7C-26BE-41EC-8333-A0A477EA4EE7}.Debug|x64.Deploy.0 = Debug|iPhone
		{F83B5F7C-26BE-41EC-8333-A0A477EA4EE7}.Debug|x86.ActiveCfg = Debug|iPhone
		{F83B5F7C-26BE-41EC-8333-A0A477EA4EE7}.Debug|x86.Build.0 = Debug|iPhone
		{F83B5F7C-26BE-41EC-8333-A0A477EA4EE7}.Debug|x86.Deploy.0 = Debug|iPhone
		{F83B5F7C-26BE-41EC-8333-A0A477EA4EE7}.Release|Any CPU.ActiveCfg = Release|iPhone
		{F83B5F7C-26BE-41EC-8333-A0A477EA4EE7}.Release|Any CPU.Build.0 = Release|iPhone
		{F83B5F7C-26BE-41EC-8333-A0A477EA4EE7}.Release|Any CPU.Deploy.0 = Release|iPhone
		{F83B5F7C-26BE-41EC-8333-A0A477EA4EE7}.Release|ARM.ActiveCfg = Release|iPhone
		{F83B5F7C-26BE-41EC-8333-A0A477EA4EE7}.Release|ARM.Build.0 = Release|iPhone
		{F83B5F7C-26BE-41EC-8333-A0A477EA4EE7}.Release|ARM.Deploy.0 = Release|iPhone
		{F83B5F7C-26BE-41EC-8333-A0A477EA4EE7}.Release|iPhone.ActiveCfg = Release|iPhone
		{F83B5F7C-26BE-41EC-8333-A0A477EA4EE7}.Release|iPhone.Build.0 = Release|iPhone
		{F83B5F7C-26BE-41EC-8333-A0A477EA4EE7}.Release|iPhone.Deploy.0 = Release|iPhone
		{F83B5F7C-26BE-41EC-8333-A0A477EA4EE7}.Release|iPhoneSimulator.ActiveCfg = Release|iPhoneSimulator
		{F83B5F7C-26BE-41EC-8333-A0A477EA4EE7}.Release|iPhoneSimulator.Build.0 = Release|iPhoneSimulator
		{F83B5F7C-26BE-41EC-8333-A0A477EA4EE7}.Release|iPhoneSimulator.Deploy.0 = Release|iPhoneSimulator
		{F83B5F7C-26BE-41EC-8333-A0A477EA4EE7}.Release|x64.ActiveCfg = Release|iPhone
		{F83B5F7C-26BE-41EC-8333-A0A477EA4EE7}.Release|x64.Build.0 = Release|iPhone
		{F83B5F7C-26BE-41EC-8333-A0A477EA4EE7}.Release|x64.Deploy.0 = Release|iPhone
		{F83B5F7C-26BE-41EC-8333-A0A477EA4EE7}.Release|x86.ActiveCfg = Release|iPhone
		{F83B5F7C-26BE-41EC-8333-A0A477EA4EE7}.Release|x86.Build.0 = Release|iPhone
		{F83B5F7C-26BE-41EC-8333-A0A477EA4EE7}.Release|x86.Deploy.0 = Release|iPhone
		{DCB5DA78-0B86-45DE-B56B-9357868B4EBC}.Debug|Any CPU.ActiveCfg = Debug|Any CPU
		{DCB5DA78-0B86-45DE-B56B-9357868B4EBC}.Debug|Any CPU.Build.0 = Debug|Any CPU
		{DCB5DA78-0B86-45DE-B56B-9357868B4EBC}.Debug|Any CPU.Deploy.0 = Debug|Any CPU
		{DCB5DA78-0B86-45DE-B56B-9357868B4EBC}.Debug|ARM.ActiveCfg = Debug|Any CPU
		{DCB5DA78-0B86-45DE-B56B-9357868B4EBC}.Debug|ARM.Build.0 = Debug|Any CPU
		{DCB5DA78-0B86-45DE-B56B-9357868B4EBC}.Debug|ARM.Deploy.0 = Debug|Any CPU
		{DCB5DA78-0B86-45DE-B56B-9357868B4EBC}.Debug|iPhone.ActiveCfg = Debug|Any CPU
		{DCB5DA78-0B86-45DE-B56B-9357868B4EBC}.Debug|iPhone.Build.0 = Debug|Any CPU
		{DCB5DA78-0B86-45DE-B56B-9357868B4EBC}.Debug|iPhone.Deploy.0 = Debug|Any CPU
		{DCB5DA78-0B86-45DE-B56B-9357868B4EBC}.Debug|iPhoneSimulator.ActiveCfg = Debug|Any CPU
		{DCB5DA78-0B86-45DE-B56B-9357868B4EBC}.Debug|iPhoneSimulator.Build.0 = Debug|Any CPU
		{DCB5DA78-0B86-45DE-B56B-9357868B4EBC}.Debug|iPhoneSimulator.Deploy.0 = Debug|Any CPU
		{DCB5DA78-0B86-45DE-B56B-9357868B4EBC}.Debug|x64.ActiveCfg = Debug|Any CPU
		{DCB5DA78-0B86-45DE-B56B-9357868B4EBC}.Debug|x64.Build.0 = Debug|Any CPU
		{DCB5DA78-0B86-45DE-B56B-9357868B4EBC}.Debug|x64.Deploy.0 = Debug|Any CPU
		{DCB5DA78-0B86-45DE-B56B-9357868B4EBC}.Debug|x86.ActiveCfg = Debug|Any CPU
		{DCB5DA78-0B86-45DE-B56B-9357868B4EBC}.Debug|x86.Build.0 = Debug|Any CPU
		{DCB5DA78-0B86-45DE-B56B-9357868B4EBC}.Debug|x86.Deploy.0 = Debug|Any CPU
		{DCB5DA78-0B86-45DE-B56B-9357868B4EBC}.Release|Any CPU.ActiveCfg = Release|Any CPU
		{DCB5DA78-0B86-45DE-B56B-9357868B4EBC}.Release|Any CPU.Build.0 = Release|Any CPU
		{DCB5DA78-0B86-45DE-B56B-9357868B4EBC}.Release|Any CPU.Deploy.0 = Release|Any CPU
		{DCB5DA78-0B86-45DE-B56B-9357868B4EBC}.Release|ARM.ActiveCfg = Release|Any CPU
		{DCB5DA78-0B86-45DE-B56B-9357868B4EBC}.Release|ARM.Build.0 = Release|Any CPU
		{DCB5DA78-0B86-45DE-B56B-9357868B4EBC}.Release|ARM.Deploy.0 = Release|Any CPU
		{DCB5DA78-0B86-45DE-B56B-9357868B4EBC}.Release|iPhone.ActiveCfg = Release|Any CPU
		{DCB5DA78-0B86-45DE-B56B-9357868B4EBC}.Release|iPhone.Build.0 = Release|Any CPU
		{DCB5DA78-0B86-45DE-B56B-9357868B4EBC}.Release|iPhone.Deploy.0 = Release|Any CPU
		{DCB5DA78-0B86-45DE-B56B-9357868B4EBC}.Release|iPhoneSimulator.ActiveCfg = Release|Any CPU
		{DCB5DA78-0B86-45DE-B56B-9357868B4EBC}.Release|iPhoneSimulator.Build.0 = Release|Any CPU
		{DCB5DA78-0B86-45DE-B56B-9357868B4EBC}.Release|iPhoneSimulator.Deploy.0 = Release|Any CPU
		{DCB5DA78-0B86-45DE-B56B-9357868B4EBC}.Release|x64.ActiveCfg = Release|Any CPU
		{DCB5DA78-0B86-45DE-B56B-9357868B4EBC}.Release|x64.Build.0 = Release|Any CPU
		{DCB5DA78-0B86-45DE-B56B-9357868B4EBC}.Release|x64.Deploy.0 = Release|Any CPU
		{DCB5DA78-0B86-45DE-B56B-9357868B4EBC}.Release|x86.ActiveCfg = Release|Any CPU
		{DCB5DA78-0B86-45DE-B56B-9357868B4EBC}.Release|x86.Build.0 = Release|Any CPU
		{DCB5DA78-0B86-45DE-B56B-9357868B4EBC}.Release|x86.Deploy.0 = Release|Any CPU
	EndGlobalSection
	GlobalSection(SolutionProperties) = preSolution
		HideSolutionNode = FALSE
	EndGlobalSection
	GlobalSection(ExtensibilityGlobals) = postSolution
		SolutionGuid = {121880FD-D357-45BA-AEF1-02823F1C947B}
	EndGlobalSection
EndGlobal
